
Microsoft Visual Studio Solution File, Format Version 12.00
# Visual Studio Version 17
VisualStudioVersion = 17.1.32414.318
MinimumVisualStudioVersion = 10.0.40219.1
Project("{8BC9CEB8-8B4A-11D0-8D11-00A0C91BC942}") = "SinglyLinkedList", "SinglyLinkedList\SinglyLinkedList.vcxproj", "{4591EBD4-5319-4A6A-AEEB-5911859D4F9B}"
EndProject
Project("{8BC9CEB8-8B4A-11D0-8D11-00A0C91BC942}") = "ContainerTemplate", "ContainerTemplate\ContainerTemplate.vcxproj", "{E830A197-97E4-4F1F-9F38-02A3F706B584}"
EndProject
Project("{8BC9CEB8-8B4A-11D0-8D11-00A0C91BC942}") = "TrailingCircles", "TrailingCircles\TrailingCircles.vcxproj", "{50CFAF61-52B0-403E-A5DC-2019398A8D20}"
EndProject
Project("{8BC9CEB8-8B4A-11D0-8D11-00A0C91BC942}") = "FunctionTemplate", "FunctionTemplate\FunctionTemplate.vcxproj", "{CA68F8E2-74EC-4276-85A2-29CBA53ADDE4}"
EndProject
Global
	GlobalSection(SolutionConfigurationPlatforms) = preSolution
		Debug|x64 = Debug|x64
		Debug|x86 = Debug|x86
		Release|x64 = Release|x64
		Release|x86 = Release|x86
	EndGlobalSection
	GlobalSection(ProjectConfigurationPlatforms) = postSolution
		{4591EBD4-5319-4A6A-AEEB-5911859D4F9B}.Debug|x64.ActiveCfg = Debug|x64
		{4591EBD4-5319-4A6A-AEEB-5911859D4F9B}.Debug|x64.Build.0 = Debug|x64
		{4591EBD4-5319-4A6A-AEEB-5911859D4F9B}.Debug|x86.ActiveCfg = Debug|Win32
		{4591EBD4-5319-4A6A-AEEB-5911859D4F9B}.Debug|x86.Build.0 = Debug|Win32
		{4591EBD4-5319-4A6A-AEEB-5911859D4F9B}.Release|x64.ActiveCfg = Release|x64
		{4591EBD4-5319-4A6A-AEEB-5911859D4F9B}.Release|x64.Build.0 = Release|x64
		{4591EBD4-5319-4A6A-AEEB-5911859D4F9B}.Release|x86.ActiveCfg = Release|Win32
		{4591EBD4-5319-4A6A-AEEB-5911859D4F9B}.Release|x86.Build.0 = Release|Win32
		{E830A197-97E4-4F1F-9F38-02A3F706B584}.Debug|x64.ActiveCfg = Debug|x64
		{E830A197-97E4-4F1F-9F38-02A3F706B584}.Debug|x64.Build.0 = Debug|x64
		{E830A197-97E4-4F1F-9F38-02A3F706B584}.Debug|x86.ActiveCfg = Debug|Win32
		{E830A197-97E4-4F1F-9F38-02A3F706B584}.Debug|x86.Build.0 = Debug|Win32
		{E830A197-97E4-4F1F-9F38-02A3F706B584}.Release|x64.ActiveCfg = Release|x64
		{E830A197-97E4-4F1F-9F38-02A3F706B584}.Release|x64.Build.0 = Release|x64
		{E830A197-97E4-4F1F-9F38-02A3F706B584}.Release|x86.ActiveCfg = Release|Win32
		{E830A197-97E4-4F1F-9F38-02A3F706B584}.Release|x86.Build.0 = Release|Win32
		{50CFAF61-52B0-403E-A5DC-2019398A8D20}.Debug|x64.ActiveCfg = Debug|x64
		{50CFAF61-52B0-403E-A5DC-2019398A8D20}.Debug|x64.Build.0 = Debug|x64
		{50CFAF61-52B0-403E-A5DC-2019398A8D20}.Debug|x86.ActiveCfg = Debug|Win32
		{50CFAF61-52B0-403E-A5DC-2019398A8D20}.Debug|x86.Build.0 = Debug|Win32
		{50CFAF61-52B0-403E-A5DC-2019398A8D20}.Release|x64.ActiveCfg = Release|x64
		{50CFAF61-52B0-403E-A5DC-2019398A8D20}.Release|x64.Build.0 = Release|x64
		{50CFAF61-52B0-403E-A5DC-2019398A8D20}.Release|x86.ActiveCfg = Release|Win32
		{50CFAF61-52B0-403E-A5DC-2019398A8D20}.Release|x86.Build.0 = Release|Win32
		{CA68F8E2-74EC-4276-85A2-29CBA53ADDE4}.Debug|x64.ActiveCfg = Debug|x64
		{CA68F8E2-74EC-4276-85A2-29CBA53ADDE4}.Debug|x64.Build.0 = Debug|x64
		{CA68F8E2-74EC-4276-85A2-29CBA53ADDE4}.Debug|x86.ActiveCfg = Debug|Win32
		{CA68F8E2-74EC-4276-85A2-29CBA53ADDE4}.Debug|x86.Build.0 = Debug|Win32
		{CA68F8E2-74EC-4276-85A2-29CBA53ADDE4}.Release|x64.ActiveCfg = Release|x64
		{CA68F8E2-74EC-4276-85A2-29CBA53ADDE4}.Release|x64.Build.0 = Release|x64
		{CA68F8E2-74EC-4276-85A2-29CBA53ADDE4}.Release|x86.ActiveCfg = Release|Win32
		{CA68F8E2-74EC-4276-85A2-29CBA53ADDE4}.Release|x86.Build.0 = Release|Win32
	EndGlobalSection
	GlobalSection(SolutionProperties) = preSolution
		HideSolutionNode = FALSE
	EndGlobalSection
	GlobalSection(ExtensibilityGlobals) = postSolution
		SolutionGuid = {DE026A09-5C5F-452C-8395-39C78292BABA}
	EndGlobalSection
EndGlobal
