<?xml version="1.0" encoding="utf-8"?>
<Project ToolsVersion="4.0" xmlns="http://schemas.microsoft.com/developer/msbuild/2003">
  <ItemGroup>
    <Filter Include="Resource Files">
      <UniqueIdentifier>{67DA6AB6-F800-4c08-8B7A-83BB121AAD01}</UniqueIdentifier>
      <Extensions>rc;ico;cur;bmp;dlg;rc2;rct;bin;rgs;gif;jpg;jpeg;jpe;resx;tiff;tif;png;wav;mfcribbon-ms</Extensions>
    </Filter>
    <Filter Include="Framework Files">
      <UniqueIdentifier>{93995380-89BD-4b04-88EB-625FBE52EBFB}</UniqueIdentifier>
      <Extensions>h;hh;hpp;hxx;h++;hm;inl;inc;ipp;xsd</Extensions>
    </Filter>
    <Filter Include="Game Files">
      <UniqueIdentifier>{4FC737F1-C7A5-4376-A066-2A32D752A2FF}</UniqueIdentifier>
      <Extensions>cpp;c;cc;cxx;c++;cppm;ixx;def;odl;idl;hpj;bat;asm;asmx</Extensions>
    </Filter>
    <Filter Include="External Libraries">
      <UniqueIdentifier>{83ad5b3c-8d2f-45b3-bd48-67ab0ccd2a45}</UniqueIdentifier>
    </Filter>
    <Filter Include="Game Files\Abstract Classes">
      <UniqueIdentifier>{fcf9a8bb-df71-4c64-93da-30e13377d292}</UniqueIdentifier>
    </Filter>
    <Filter Include="Game Files\Manager Classes">
      <UniqueIdentifier>{d7a69220-4be7-42e8-aac0-fe67b2cf0935}</UniqueIdentifier>
    </Filter>
    <Filter Include="Game Files\Loader Class">
      <UniqueIdentifier>{9c017081-4c1c-4d9d-b04a-688abb807798}</UniqueIdentifier>
    </Filter>
    <Filter Include="Game Files\Movement Behaviours">
      <UniqueIdentifier>{670ac429-30ba-4498-ad54-f1682612f9ff}</UniqueIdentifier>
    </Filter>
    <Filter Include="Game Files\Enum Classes">
      <UniqueIdentifier>{322c444c-511f-4ed3-b190-871c8db9275f}</UniqueIdentifier>
    </Filter>
    <Filter Include="Game Files\Character Classes">
      <UniqueIdentifier>{39dddf1c-7a1a-4fdd-a697-94b61dcef9ef}</UniqueIdentifier>
    </Filter>
    <Filter Include="Game Files\Projectile Classes">
      <UniqueIdentifier>{0576a853-116c-4824-a09d-7d411e715eaa}</UniqueIdentifier>
    </Filter>
    <Filter Include="Game Files\Background Classes">
      <UniqueIdentifier>{ab437d58-07fc-424b-a054-87abbdff5d02}</UniqueIdentifier>
    </Filter>
    <Filter Include="Game Files\Interfaces">
      <UniqueIdentifier>{0bc7c601-fc0d-4788-b3d6-b1db58c2797c}</UniqueIdentifier>
    </Filter>
    <Filter Include="Game Files\Spawner Classes">
      <UniqueIdentifier>{1ab2e114-38d2-4848-a6f9-549376d18014}</UniqueIdentifier>
    </Filter>
    <Filter Include="Game Files\Experimental Classes">
      <UniqueIdentifier>{dbfd9c95-76ad-49c1-ab26-12d683b17750}</UniqueIdentifier>
    </Filter>
    <Filter Include="Game Files\Camera Classes">
      <UniqueIdentifier>{5ffaed8f-0242-46de-a1e7-f39cbeded5d6}</UniqueIdentifier>
    </Filter>
    <Filter Include="Game Files\Texture Classes">
      <UniqueIdentifier>{3252a414-1b02-4dee-b6d3-1ef49cec0824}</UniqueIdentifier>
    </Filter>
    <Filter Include="Game Files\UI Class">
      <UniqueIdentifier>{e4323d41-d2f4-44fc-8de3-771133115e87}</UniqueIdentifier>
    </Filter>
    <Filter Include="Game Files\Terrain Classes">
      <UniqueIdentifier>{da7f1377-b080-4566-89c1-52f6f4c74786}</UniqueIdentifier>
    </Filter>
  </ItemGroup>
  <ItemGroup>
    <ClCompile Include="Core.cpp">
      <Filter>Framework Files</Filter>
    </ClCompile>
    <ClCompile Include="main.cpp">
      <Filter>Framework Files</Filter>
    </ClCompile>
    <ClCompile Include="Matrix2x3.cpp">
      <Filter>Framework Files</Filter>
    </ClCompile>
    <ClCompile Include="pch.cpp">
      <Filter>Framework Files</Filter>
    </ClCompile>
    <ClCompile Include="SoundEffect.cpp">
      <Filter>Framework Files</Filter>
    </ClCompile>
    <ClCompile Include="SoundStream.cpp">
      <Filter>Framework Files</Filter>
    </ClCompile>
    <ClCompile Include="structs.cpp">
      <Filter>Framework Files</Filter>
    </ClCompile>
    <ClCompile Include="SVGParser.cpp">
      <Filter>Framework Files</Filter>
    </ClCompile>
    <ClCompile Include="Texture.cpp">
      <Filter>Framework Files</Filter>
    </ClCompile>
    <ClCompile Include="utils.cpp">
      <Filter>Framework Files</Filter>
    </ClCompile>
    <ClCompile Include="Vector2f.cpp">
      <Filter>Framework Files</Filter>
    </ClCompile>
    <ClCompile Include="GameObject.cpp">
      <Filter>Game Files\Abstract Classes</Filter>
    </ClCompile>
    <ClCompile Include="Character.cpp">
      <Filter>Game Files\Abstract Classes</Filter>
    </ClCompile>
    <ClCompile Include="Stairs.cpp">
      <Filter>Game Files\Terrain Classes</Filter>
    </ClCompile>
    <ClCompile Include="TextureManager.cpp">
      <Filter>Game Files\Manager Classes</Filter>
    </ClCompile>
    <ClCompile Include="CrumblingBlock.cpp">
      <Filter>Game Files\Terrain Classes</Filter>
    </ClCompile>
    <ClCompile Include="DrawBridge.cpp">
      <Filter>Game Files\Terrain Classes</Filter>
    </ClCompile>
    <ClCompile Include="TerrainObject.cpp">
      <Filter>Game Files\Terrain Classes</Filter>
    </ClCompile>
    <ClCompile Include="LevelLoader.cpp">
      <Filter>Game Files\Loader Class</Filter>
    </ClCompile>
    <ClCompile Include="Door.cpp">
      <Filter>Game Files\Terrain Classes</Filter>
    </ClCompile>
    <ClCompile Include="InteractableObject.cpp">
      <Filter>Game Files\Terrain Classes</Filter>
    </ClCompile>
    <ClCompile Include="Trapdoor.cpp">
      <Filter>Game Files\Terrain Classes</Filter>
    </ClCompile>
    <ClCompile Include="Projectile.cpp">
      <Filter>Game Files\Abstract Classes</Filter>
    </ClCompile>
    <ClCompile Include="Player.cpp">
      <Filter>Game Files\Character Classes</Filter>
    </ClCompile>
    <ClCompile Include="ProjectileManager.cpp">
      <Filter>Game Files\Manager Classes</Filter>
    </ClCompile>
    <ClCompile Include="Axe.cpp">
      <Filter>Game Files\Projectile Classes</Filter>
    </ClCompile>
    <ClCompile Include="ProjectileTag.cpp">
      <Filter>Game Files\Projectile Classes</Filter>
    </ClCompile>
    <ClCompile Include="LevelManager.cpp">
      <Filter>Game Files\Manager Classes</Filter>
    </ClCompile>
    <ClCompile Include="MovementBehaviour.cpp">
      <Filter>Game Files\Abstract Classes</Filter>
    </ClCompile>
    <ClCompile Include="PlayerMovement.cpp">
      <Filter>Game Files\Movement Behaviours</Filter>
    </ClCompile>
    <ClCompile Include="SinewaveMovement.cpp">
      <Filter>Game Files\Movement Behaviours</Filter>
    </ClCompile>
    <ClCompile Include="ActionState.cpp">
      <Filter>Game Files\Enum Classes</Filter>
    </ClCompile>
    <ClCompile Include="Bat.cpp">
      <Filter>Game Files\Character Classes</Filter>
    </ClCompile>
    <ClCompile Include="Background.cpp">
      <Filter>Game Files\Background Classes</Filter>
    </ClCompile>
    <ClCompile Include="ParallaxLayer.cpp">
      <Filter>Game Files\Background Classes</Filter>
    </ClCompile>
    <ClCompile Include="EnemyManager.cpp">
      <Filter>Game Files\Manager Classes</Filter>
    </ClCompile>
    <ClCompile Include="IOverlappingObject.cpp">
      <Filter>Game Files\Interfaces</Filter>
    </ClCompile>
    <ClCompile Include="EnemySpawner.cpp">
      <Filter>Game Files\Spawner Classes</Filter>
    </ClCompile>
    <ClCompile Include="Game.cpp">
      <Filter>Game Files\Manager Classes</Filter>
    </ClCompile>
    <ClCompile Include="Sprite.cpp">
      <Filter>Game Files\Texture Classes</Filter>
    </ClCompile>
    <ClCompile Include="Pendulum.cpp">
      <Filter>Game Files\Experimental Classes</Filter>
    </ClCompile>
    <ClCompile Include="Camera.cpp">
      <Filter>Game Files\Camera Classes</Filter>
    </ClCompile>
    <ClCompile Include="Skeleton.cpp">
      <Filter>Game Files\Character Classes</Filter>
    </ClCompile>
    <ClCompile Include="ParabolicMovement.cpp">
      <Filter>Game Files\Movement Behaviours</Filter>
    </ClCompile>
    <ClCompile Include="Cross.cpp">
      <Filter>Game Files\Projectile Classes</Filter>
    </ClCompile>
    <ClCompile Include="Dagger.cpp">
      <Filter>Game Files\Projectile Classes</Filter>
    </ClCompile>
    <ClCompile Include="UI.cpp">
      <Filter>Game Files\UI Class</Filter>
    </ClCompile>
    <ClCompile Include="BonePillar.cpp">
      <Filter>Game Files\Character Classes</Filter>
    </ClCompile>
    <ClCompile Include="NoMovement.cpp">
      <Filter>Game Files\Movement Behaviours</Filter>
    </ClCompile>
    <ClCompile Include="CharacterTypes.cpp">
      <Filter>Game Files\Character Classes</Filter>
    </ClCompile>
    <ClCompile Include="Fireball.cpp">
      <Filter>Game Files\Projectile Classes</Filter>
    </ClCompile>
    <ClCompile Include="ClackityBoneManMovement.cpp">
      <Filter>Game Files\Movement Behaviours</Filter>
    </ClCompile>
  </ItemGroup>
  <ItemGroup>
    <ClInclude Include="pch.h">
      <Filter>Framework Files</Filter>
    </ClInclude>
    <ClInclude Include="Core.h">
      <Filter>Framework Files</Filter>
    </ClInclude>
    <ClInclude Include="Matrix2x3.h">
      <Filter>Framework Files</Filter>
    </ClInclude>
    <ClInclude Include="SoundEffect.h">
      <Filter>Framework Files</Filter>
    </ClInclude>
    <ClInclude Include="SoundStream.h">
      <Filter>Framework Files</Filter>
    </ClInclude>
    <ClInclude Include="structs.h">
      <Filter>Framework Files</Filter>
    </ClInclude>
    <ClInclude Include="SVGParser.h">
      <Filter>Framework Files</Filter>
    </ClInclude>
    <ClInclude Include="Texture.h">
      <Filter>Framework Files</Filter>
    </ClInclude>
    <ClInclude Include="utils.h">
      <Filter>Framework Files</Filter>
    </ClInclude>
    <ClInclude Include="Vector2f.h">
      <Filter>Framework Files</Filter>
    </ClInclude>
    <ClInclude Include="GameObject.h">
      <Filter>Game Files\Abstract Classes</Filter>
    </ClInclude>
    <ClInclude Include="Character.h">
      <Filter>Game Files\Abstract Classes</Filter>
    </ClInclude>
    <ClInclude Include="Stairs.h">
      <Filter>Game Files\Terrain Classes</Filter>
    </ClInclude>
    <ClInclude Include="json.hpp">
      <Filter>External Libraries</Filter>
    </ClInclude>
    <ClInclude Include="TextureManager.h">
      <Filter>Game Files\Manager Classes</Filter>
    </ClInclude>
    <ClInclude Include="CrumblingBlock.h">
      <Filter>Game Files\Terrain Classes</Filter>
    </ClInclude>
    <ClInclude Include="DrawBridge.h">
      <Filter>Game Files\Terrain Classes</Filter>
    </ClInclude>
    <ClInclude Include="TerrainObject.h">
      <Filter>Game Files\Terrain Classes</Filter>
    </ClInclude>
    <ClInclude Include="LevelLoader.h">
      <Filter>Game Files\Loader Class</Filter>
    </ClInclude>
    <ClInclude Include="Door.h">
      <Filter>Game Files\Terrain Classes</Filter>
    </ClInclude>
    <ClInclude Include="InteractableObject.h">
      <Filter>Game Files\Terrain Classes</Filter>
    </ClInclude>
    <ClInclude Include="Trapdoor.h">
      <Filter>Game Files\Terrain Classes</Filter>
    </ClInclude>
    <ClInclude Include="Player.h">
      <Filter>Game Files\Character Classes</Filter>
    </ClInclude>
    <ClInclude Include="ProjectileManager.h">
      <Filter>Game Files\Manager Classes</Filter>
    </ClInclude>
    <ClInclude Include="Axe.h">
      <Filter>Game Files\Projectile Classes</Filter>
    </ClInclude>
    <ClInclude Include="Projectile.h">
      <Filter>Game Files\Abstract Classes</Filter>
    </ClInclude>
    <ClInclude Include="ProjectileTag.h">
      <Filter>Game Files\Projectile Classes</Filter>
    </ClInclude>
    <ClInclude Include="LevelManager.h">
      <Filter>Game Files\Manager Classes</Filter>
    </ClInclude>
    <ClInclude Include="MovementBehaviour.h">
      <Filter>Game Files\Abstract Classes</Filter>
    </ClInclude>
    <ClInclude Include="PlayerMovement.h">
      <Filter>Game Files\Movement Behaviours</Filter>
    </ClInclude>
    <ClInclude Include="SinewaveMovement.h">
      <Filter>Game Files\Movement Behaviours</Filter>
    </ClInclude>
    <ClInclude Include="ActionState.h">
      <Filter>Game Files\Enum Classes</Filter>
    </ClInclude>
    <ClInclude Include="Bat.h">
      <Filter>Game Files\Character Classes</Filter>
    </ClInclude>
    <ClInclude Include="Background.h">
      <Filter>Game Files\Background Classes</Filter>
    </ClInclude>
    <ClInclude Include="ParallaxLayer.h">
      <Filter>Game Files\Background Classes</Filter>
    </ClInclude>
    <ClInclude Include="EnemyManager.h">
      <Filter>Game Files\Manager Classes</Filter>
    </ClInclude>
    <ClInclude Include="IOverlappingObject.h">
      <Filter>Game Files\Interfaces</Filter>
    </ClInclude>
    <ClInclude Include="EnemySpawner.h">
      <Filter>Game Files\Spawner Classes</Filter>
    </ClInclude>
    <ClInclude Include="Game.h">
      <Filter>Game Files\Manager Classes</Filter>
    </ClInclude>
    <ClInclude Include="Sprite.h">
      <Filter>Game Files\Texture Classes</Filter>
    </ClInclude>
    <ClInclude Include="Pendulum.h">
      <Filter>Game Files\Experimental Classes</Filter>
    </ClInclude>
    <ClInclude Include="Camera.h">
      <Filter>Game Files\Camera Classes</Filter>
    </ClInclude>
    <ClInclude Include="Skeleton.h">
      <Filter>Game Files\Character Classes</Filter>
    </ClInclude>
    <ClInclude Include="ParabolicMovement.h">
      <Filter>Game Files\Movement Behaviours</Filter>
    </ClInclude>
    <ClInclude Include="Cross.h">
      <Filter>Game Files\Projectile Classes</Filter>
    </ClInclude>
    <ClInclude Include="Dagger.h">
      <Filter>Game Files\Projectile Classes</Filter>
    </ClInclude>
    <ClInclude Include="UI.h">
      <Filter>Game Files\UI Class</Filter>
    </ClInclude>
    <ClInclude Include="BonePillar.h">
      <Filter>Game Files\Character Classes</Filter>
    </ClInclude>
    <ClInclude Include="NoMovement.h">
      <Filter>Game Files\Movement Behaviours</Filter>
    </ClInclude>
    <ClInclude Include="CharacterTypes.h">
      <Filter>Game Files\Character Classes</Filter>
    </ClInclude>
    <ClInclude Include="Fireball.h">
      <Filter>Game Files\Projectile Classes</Filter>
    </ClInclude>
    <ClInclude Include="ClackityBoneManMovement.h">
      <Filter>Game Files\Movement Behaviours</Filter>
    </ClInclude>
  </ItemGroup>
  <ItemGroup>
    <None Include="SDLWin32.props" />
    <None Include="SDLx64.props" />
    <None Include="Vanhaverbeke_Brenainn_Super_Castlevania_IV.xlsx">
      <Filter>Resource Files</Filter>
    </None>
  </ItemGroup>
</Project>